
Microsoft Visual Studio Solution File, Format Version 12.00
# Visual Studio 15
VisualStudioVersion = 15.0.28307.705
MinimumVisualStudioVersion = 10.0.40219.1
Project("{FAE04EC0-301F-11D3-BF4B-00C04F79EFBC}") = "BinaryMapVizualizer", "BinaryMapVizualizer\BinaryMapVizualizer.csproj", "{20C11F97-27C2-4D51-B955-34C570EFB245}"
EndProject
Project("{FAE04EC0-301F-11D3-BF4B-00C04F79EFBC}") = "BinaryMapCounter", "BinaryMapCounter\BinaryMapCounter.csproj", "{47DCF217-B6A2-4B91-AFB6-7759116046AA}"
EndProject
Global
	GlobalSection(SolutionConfigurationPlatforms) = preSolution
		Debug|Any CPU = Debug|Any CPU
		Release|Any CPU = Release|Any CPU
	EndGlobalSection
	GlobalSection(ProjectConfigurationPlatforms) = postSolution
		{20C11F97-27C2-4D51-B955-34C570EFB245}.Debug|Any CPU.ActiveCfg = Debug|Any CPU
		{20C11F97-27C2-4D51-B955-34C570EFB245}.Debug|Any CPU.Build.0 = Debug|Any CPU
		{20C11F97-27C2-4D51-B955-34C570EFB245}.Release|Any CPU.ActiveCfg = Release|Any CPU
		{20C11F97-27C2-4D51-B955-34C570EFB245}.Release|Any CPU.Build.0 = Release|Any CPU
		{47DCF217-B6A2-4B91-AFB6-7759116046AA}.Debug|Any CPU.ActiveCfg = Debug|Any CPU
		{47DCF217-B6A2-4B91-AFB6-7759116046AA}.Debug|Any CPU.Build.0 = Debug|Any CPU
		{47DCF217-B6A2-4B91-AFB6-7759116046AA}.Release|Any CPU.ActiveCfg = Release|Any CPU
		{47DCF217-B6A2-4B91-AFB6-7759116046AA}.Release|Any CPU.Build.0 = Release|Any CPU
	EndGlobalSection
	GlobalSection(SolutionProperties) = preSolution
		HideSolutionNode = FALSE
	EndGlobalSection
	GlobalSection(ExtensibilityGlobals) = postSolution
		SolutionGuid = {C2EAB9AF-B806-44B1-AE40-3EC20E8CA32D}
	EndGlobalSection
EndGlobal
